{
  "name": "miniprogram-eleventh-hour",
  "lockfileVersion": 2,
  "requires": true,
  "packages": {
    "": {
      "dependencies": {
        "weui-wxss": "^2.5.15"
      }
    },
    "node_modules/weui-wxss": {
      "version": "2.5.15",
      "resolved": "https://registry.npmjs.org/weui-wxss/-/weui-wxss-2.5.15.tgz",
      "integrity": "sha512-g1w/83lSPFMgKWFRZK5N8xGF8IcrjYvijNZWS0XQrovxkdpwqV6xy4/PsIZ67mXv/tKdc7T0k0m1gXwQHyKd1g=="
    }
  },
  "dependencies": {
    "weui-wxss": {
      "version": "2.5.15",
      "resolved": "https://registry.npmjs.org/weui-wxss/-/weui-wxss-2.5.15.tgz",
      "integrity": "sha512-g1w/83lSPFMgKWFRZK5N8xGF8IcrjYvijNZWS0XQrovxkdpwqV6xy4/PsIZ67mXv/tKdc7T0k0m1gXwQHyKd1g=="
    }
  }
}
